
Microsoft Visual Studio Solution File, Format Version 12.00
# Visual Studio Version 17
VisualStudioVersion = 17.2.32516.85
MinimumVisualStudioVersion = 10.0.40219.1
Project("{FAE04EC0-301F-11D3-BF4B-00C04F79EFBC}") = "ejercicio tarea clase 8", "ejercicio tarea clase 8.csproj", "{8733CB60-B812-42D7-9E59-6CF3C07C0011}"
EndProject
Global
	GlobalSection(SolutionConfigurationPlatforms) = preSolution
		Debug|Any CPU = Debug|Any CPU
		Release|Any CPU = Release|Any CPU
	EndGlobalSection
	GlobalSection(ProjectConfigurationPlatforms) = postSolution
		{8733CB60-B812-42D7-9E59-6CF3C07C0011}.Debug|Any CPU.ActiveCfg = Debug|Any CPU
		{8733CB60-B812-42D7-9E59-6CF3C07C0011}.Debug|Any CPU.Build.0 = Debug|Any CPU
		{8733CB60-B812-42D7-9E59-6CF3C07C0011}.Release|Any CPU.ActiveCfg = Release|Any CPU
		{8733CB60-B812-42D7-9E59-6CF3C07C0011}.Release|Any CPU.Build.0 = Release|Any CPU
	EndGlobalSection
	GlobalSection(SolutionProperties) = preSolution
		HideSolutionNode = FALSE
	EndGlobalSection
	GlobalSection(ExtensibilityGlobals) = postSolution
		SolutionGuid = {79DE67B4-E15D-49FC-90AA-9180902A1BF4}
	EndGlobalSection
EndGlobal
